{
  "name": "jmespath.php",
  "lockfileVersion": 3,
  "requires": true,
  "packages": {
    "": {
      "dependencies": {
        "@jmespath-community/jmespath": "^1.1.5"
      }
    },
    "node_modules/@jmespath-community/jmespath": {
      "version": "1.1.5",
      "resolved": "https://registry.npmjs.org/@jmespath-community/jmespath/-/jmespath-1.1.5.tgz",
      "integrity": "sha512-N4iBwuej3QBiUXgYtA2dlwnbgr6NU9cjRukV4UkWo4gW/FQKHZ9gRlsoXAfEYFzblp8ZPfyzlY6KdsdpkBgyaQ==",
      "license": "MPL-2.0",
      "engines": {
        "node": ">=14.0.0"
      }
    }
  }
}
