{
  "name": "jmespath.php",
  "lockfileVersion": 3,
  "requires": true,
  "packages": {
    "": {
      "devDependencies": {
        "@jmespath-community/jmespath": "^1.3.0"
      }
    },
    "node_modules/@jmespath-community/jmespath": {
      "version": "1.3.0",
      "resolved": "https://registry.npmjs.org/@jmespath-community/jmespath/-/jmespath-1.3.0.tgz",
      "integrity": "sha512-nzOrEdWKNpognj6CT+1Atr7gw0bqUC1KTBRyasBXS9NjFpz+og7LeFZrIQqV81GRcCzKa5H+DNipvv7NQK3GzA==",
      "dev": true,
      "license": "MPL-2.0",
      "bin": {
        "jp": "dist/cli.mjs"
      },
      "engines": {
        "node": ">=14.0.0"
      }
    }
  }
}
